
Microsoft Visual Studio Solution File, Format Version 12.00
# Visual Studio 15
VisualStudioVersion = 15.0.27428.2002
MinimumVisualStudioVersion = 10.0.40219.1
Project("{FAE04EC0-301F-11D3-BF4B-00C04F79EFBC}") = "BookStoreWebForms", "BookStoreWebForms\BookStoreWebForms.csproj", "{39D7B2E4-6119-4B6F-A5E8-AF96088DD993}"
EndProject
Global
	GlobalSection(SolutionConfigurationPlatforms) = preSolution
		Debug|Any CPU = Debug|Any CPU
		Release|Any CPU = Release|Any CPU
	EndGlobalSection
	GlobalSection(ProjectConfigurationPlatforms) = postSolution
		{39D7B2E4-6119-4B6F-A5E8-AF96088DD993}.Debug|Any CPU.ActiveCfg = Debug|Any CPU
		{39D7B2E4-6119-4B6F-A5E8-AF96088DD993}.Debug|Any CPU.Build.0 = Debug|Any CPU
		{39D7B2E4-6119-4B6F-A5E8-AF96088DD993}.Release|Any CPU.ActiveCfg = Release|Any CPU
		{39D7B2E4-6119-4B6F-A5E8-AF96088DD993}.Release|Any CPU.Build.0 = Release|Any CPU
	EndGlobalSection
	GlobalSection(SolutionProperties) = preSolution
		HideSolutionNode = FALSE
	EndGlobalSection
	GlobalSection(ExtensibilityGlobals) = postSolution
		SolutionGuid = {04B2BE15-E817-4387-B529-E9275973BB9E}
	EndGlobalSection
EndGlobal
